
Microsoft Visual Studio Solution File, Format Version 12.00
# Visual Studio Version 16
VisualStudioVersion = 16.0.30523.141
MinimumVisualStudioVersion = 10.0.40219.1
Project("{9A19103F-16F7-4668-BE54-9A1E7A4F7556}") = "ReadWriteTextFile", "ReadWriteTextFile\ReadWriteTextFile.csproj", "{2080C390-0A8A-4D10-80A1-37E8CE027439}"
EndProject
Project("{9A19103F-16F7-4668-BE54-9A1E7A4F7556}") = "ReadWriteCsvFile", "ReadWriteCsvFile\ReadWriteCsvFile.csproj", "{BCB31254-39EA-49D9-B682-166C85F726D2}"
EndProject
Project("{9A19103F-16F7-4668-BE54-9A1E7A4F7556}") = "SharedClassLibrary", "SharedClassLibrary\SharedClassLibrary.csproj", "{70D8A3D5-07A7-4AC7-9FA5-8C47621A35BF}"
EndProject
Project("{9A19103F-16F7-4668-BE54-9A1E7A4F7556}") = "ReadWriteXmlFile", "ReadWriteXmlFile\ReadWriteXmlFile.csproj", "{789E5C67-5199-49EE-8F30-8E204C0DAD34}"
EndProject
Project("{9A19103F-16F7-4668-BE54-9A1E7A4F7556}") = "ReadWriteJsonFile", "ReadWriteJsonFile\ReadWriteJsonFile.csproj", "{EE6F7A33-52D4-49F8-8C80-D6563C0C07F0}"
EndProject
Project("{FAE04EC0-301F-11D3-BF4B-00C04F79EFBC}") = "ReadWriteFileUwp", "ReadWriteFileUwp\ReadWriteFileUwp.csproj", "{7544DF4C-D4BB-4400-9DD1-27104A02AAE6}"
EndProject
Global
	GlobalSection(SolutionConfigurationPlatforms) = preSolution
		Debug|Any CPU = Debug|Any CPU
		Debug|ARM = Debug|ARM
		Debug|ARM64 = Debug|ARM64
		Debug|x64 = Debug|x64
		Debug|x86 = Debug|x86
		Release|Any CPU = Release|Any CPU
		Release|ARM = Release|ARM
		Release|ARM64 = Release|ARM64
		Release|x64 = Release|x64
		Release|x86 = Release|x86
	EndGlobalSection
	GlobalSection(ProjectConfigurationPlatforms) = postSolution
		{2080C390-0A8A-4D10-80A1-37E8CE027439}.Debug|Any CPU.ActiveCfg = Debug|Any CPU
		{2080C390-0A8A-4D10-80A1-37E8CE027439}.Debug|Any CPU.Build.0 = Debug|Any CPU
		{2080C390-0A8A-4D10-80A1-37E8CE027439}.Debug|ARM.ActiveCfg = Debug|Any CPU
		{2080C390-0A8A-4D10-80A1-37E8CE027439}.Debug|ARM.Build.0 = Debug|Any CPU
		{2080C390-0A8A-4D10-80A1-37E8CE027439}.Debug|ARM64.ActiveCfg = Debug|Any CPU
		{2080C390-0A8A-4D10-80A1-37E8CE027439}.Debug|ARM64.Build.0 = Debug|Any CPU
		{2080C390-0A8A-4D10-80A1-37E8CE027439}.Debug|x64.ActiveCfg = Debug|Any CPU
		{2080C390-0A8A-4D10-80A1-37E8CE027439}.Debug|x64.Build.0 = Debug|Any CPU
		{2080C390-0A8A-4D10-80A1-37E8CE027439}.Debug|x86.ActiveCfg = Debug|Any CPU
		{2080C390-0A8A-4D10-80A1-37E8CE027439}.Debug|x86.Build.0 = Debug|Any CPU
		{2080C390-0A8A-4D10-80A1-37E8CE027439}.Release|Any CPU.ActiveCfg = Release|Any CPU
		{2080C390-0A8A-4D10-80A1-37E8CE027439}.Release|Any CPU.Build.0 = Release|Any CPU
		{2080C390-0A8A-4D10-80A1-37E8CE027439}.Release|ARM.ActiveCfg = Release|Any CPU
		{2080C390-0A8A-4D10-80A1-37E8CE027439}.Release|ARM.Build.0 = Release|Any CPU
		{2080C390-0A8A-4D10-80A1-37E8CE027439}.Release|ARM64.ActiveCfg = Release|Any CPU
		{2080C390-0A8A-4D10-80A1-37E8CE027439}.Release|ARM64.Build.0 = Release|Any CPU
		{2080C390-0A8A-4D10-80A1-37E8CE027439}.Release|x64.ActiveCfg = Release|Any CPU
		{2080C390-0A8A-4D10-80A1-37E8CE027439}.Release|x64.Build.0 = Release|Any CPU
		{2080C390-0A8A-4D10-80A1-37E8CE027439}.Release|x86.ActiveCfg = Release|Any CPU
		{2080C390-0A8A-4D10-80A1-37E8CE027439}.Release|x86.Build.0 = Release|Any CPU
		{BCB31254-39EA-49D9-B682-166C85F726D2}.Debug|Any CPU.ActiveCfg = Debug|Any CPU
		{BCB31254-39EA-49D9-B682-166C85F726D2}.Debug|Any CPU.Build.0 = Debug|Any CPU
		{BCB31254-39EA-49D9-B682-166C85F726D2}.Debug|ARM.ActiveCfg = Debug|Any CPU
		{BCB31254-39EA-49D9-B682-166C85F726D2}.Debug|ARM.Build.0 = Debug|Any CPU
		{BCB31254-39EA-49D9-B682-166C85F726D2}.Debug|ARM64.ActiveCfg = Debug|Any CPU
		{BCB31254-39EA-49D9-B682-166C85F726D2}.Debug|ARM64.Build.0 = Debug|Any CPU
		{BCB31254-39EA-49D9-B682-166C85F726D2}.Debug|x64.ActiveCfg = Debug|Any CPU
		{BCB31254-39EA-49D9-B682-166C85F726D2}.Debug|x64.Build.0 = Debug|Any CPU
		{BCB31254-39EA-49D9-B682-166C85F726D2}.Debug|x86.ActiveCfg = Debug|Any CPU
		{BCB31254-39EA-49D9-B682-166C85F726D2}.Debug|x86.Build.0 = Debug|Any CPU
		{BCB31254-39EA-49D9-B682-166C85F726D2}.Release|Any CPU.ActiveCfg = Release|Any CPU
		{BCB31254-39EA-49D9-B682-166C85F726D2}.Release|Any CPU.Build.0 = Release|Any CPU
		{BCB31254-39EA-49D9-B682-166C85F726D2}.Release|ARM.ActiveCfg = Release|Any CPU
		{BCB31254-39EA-49D9-B682-166C85F726D2}.Release|ARM.Build.0 = Release|Any CPU
		{BCB31254-39EA-49D9-B682-166C85F726D2}.Release|ARM64.ActiveCfg = Release|Any CPU
		{BCB31254-39EA-49D9-B682-166C85F726D2}.Release|ARM64.Build.0 = Release|Any CPU
		{BCB31254-39EA-49D9-B682-166C85F726D2}.Release|x64.ActiveCfg = Release|Any CPU
		{BCB31254-39EA-49D9-B682-166C85F726D2}.Release|x64.Build.0 = Release|Any CPU
		{BCB31254-39EA-49D9-B682-166C85F726D2}.Release|x86.ActiveCfg = Release|Any CPU
		{BCB31254-39EA-49D9-B682-166C85F726D2}.Release|x86.Build.0 = Release|Any CPU
		{70D8A3D5-07A7-4AC7-9FA5-8C47621A35BF}.Debug|Any CPU.ActiveCfg = Debug|Any CPU
		{70D8A3D5-07A7-4AC7-9FA5-8C47621A35BF}.Debug|Any CPU.Build.0 = Debug|Any CPU
		{70D8A3D5-07A7-4AC7-9FA5-8C47621A35BF}.Debug|ARM.ActiveCfg = Debug|Any CPU
		{70D8A3D5-07A7-4AC7-9FA5-8C47621A35BF}.Debug|ARM.Build.0 = Debug|Any CPU
		{70D8A3D5-07A7-4AC7-9FA5-8C47621A35BF}.Debug|ARM64.ActiveCfg = Debug|Any CPU
		{70D8A3D5-07A7-4AC7-9FA5-8C47621A35BF}.Debug|ARM64.Build.0 = Debug|Any CPU
		{70D8A3D5-07A7-4AC7-9FA5-8C47621A35BF}.Debug|x64.ActiveCfg = Debug|Any CPU
		{70D8A3D5-07A7-4AC7-9FA5-8C47621A35BF}.Debug|x64.Build.0 = Debug|Any CPU
		{70D8A3D5-07A7-4AC7-9FA5-8C47621A35BF}.Debug|x86.ActiveCfg = Debug|Any CPU
		{70D8A3D5-07A7-4AC7-9FA5-8C47621A35BF}.Debug|x86.Build.0 = Debug|Any CPU
		{70D8A3D5-07A7-4AC7-9FA5-8C47621A35BF}.Release|Any CPU.ActiveCfg = Release|Any CPU
		{70D8A3D5-07A7-4AC7-9FA5-8C47621A35BF}.Release|Any CPU.Build.0 = Release|Any CPU
		{70D8A3D5-07A7-4AC7-9FA5-8C47621A35BF}.Release|ARM.ActiveCfg = Release|Any CPU
		{70D8A3D5-07A7-4AC7-9FA5-8C47621A35BF}.Release|ARM.Build.0 = Release|Any CPU
		{70D8A3D5-07A7-4AC7-9FA5-8C47621A35BF}.Release|ARM64.ActiveCfg = Release|Any CPU
		{70D8A3D5-07A7-4AC7-9FA5-8C47621A35BF}.Release|ARM64.Build.0 = Release|Any CPU
		{70D8A3D5-07A7-4AC7-9FA5-8C47621A35BF}.Release|x64.ActiveCfg = Release|Any CPU
		{70D8A3D5-07A7-4AC7-9FA5-8C47621A35BF}.Release|x64.Build.0 = Release|Any CPU
		{70D8A3D5-07A7-4AC7-9FA5-8C47621A35BF}.Release|x86.ActiveCfg = Release|Any CPU
		{70D8A3D5-07A7-4AC7-9FA5-8C47621A35BF}.Release|x86.Build.0 = Release|Any CPU
		{789E5C67-5199-49EE-8F30-8E204C0DAD34}.Debug|Any CPU.ActiveCfg = Debug|Any CPU
		{789E5C67-5199-49EE-8F30-8E204C0DAD34}.Debug|Any CPU.Build.0 = Debug|Any CPU
		{789E5C67-5199-49EE-8F30-8E204C0DAD34}.Debug|ARM.ActiveCfg = Debug|Any CPU
		{789E5C67-5199-49EE-8F30-8E204C0DAD34}.Debug|ARM.Build.0 = Debug|Any CPU
		{789E5C67-5199-49EE-8F30-8E204C0DAD34}.Debug|ARM64.ActiveCfg = Debug|Any CPU
		{789E5C67-5199-49EE-8F30-8E204C0DAD34}.Debug|ARM64.Build.0 = Debug|Any CPU
		{789E5C67-5199-49EE-8F30-8E204C0DAD34}.Debug|x64.ActiveCfg = Debug|Any CPU
		{789E5C67-5199-49EE-8F30-8E204C0DAD34}.Debug|x64.Build.0 = Debug|Any CPU
		{789E5C67-5199-49EE-8F30-8E204C0DAD34}.Debug|x86.ActiveCfg = Debug|Any CPU
		{789E5C67-5199-49EE-8F30-8E204C0DAD34}.Debug|x86.Build.0 = Debug|Any CPU
		{789E5C67-5199-49EE-8F30-8E204C0DAD34}.Release|Any CPU.ActiveCfg = Release|Any CPU
		{789E5C67-5199-49EE-8F30-8E204C0DAD34}.Release|Any CPU.Build.0 = Release|Any CPU
		{789E5C67-5199-49EE-8F30-8E204C0DAD34}.Release|ARM.ActiveCfg = Release|Any CPU
		{789E5C67-5199-49EE-8F30-8E204C0DAD34}.Release|ARM.Build.0 = Release|Any CPU
		{789E5C67-5199-49EE-8F30-8E204C0DAD34}.Release|ARM64.ActiveCfg = Release|Any CPU
		{789E5C67-5199-49EE-8F30-8E204C0DAD34}.Release|ARM64.Build.0 = Release|Any CPU
		{789E5C67-5199-49EE-8F30-8E204C0DAD34}.Release|x64.ActiveCfg = Release|Any CPU
		{789E5C67-5199-49EE-8F30-8E204C0DAD34}.Release|x64.Build.0 = Release|Any CPU
		{789E5C67-5199-49EE-8F30-8E204C0DAD34}.Release|x86.ActiveCfg = Release|Any CPU
		{789E5C67-5199-49EE-8F30-8E204C0DAD34}.Release|x86.Build.0 = Release|Any CPU
		{EE6F7A33-52D4-49F8-8C80-D6563C0C07F0}.Debug|Any CPU.ActiveCfg = Debug|Any CPU
		{EE6F7A33-52D4-49F8-8C80-D6563C0C07F0}.Debug|Any CPU.Build.0 = Debug|Any CPU
		{EE6F7A33-52D4-49F8-8C80-D6563C0C07F0}.Debug|ARM.ActiveCfg = Debug|Any CPU
		{EE6F7A33-52D4-49F8-8C80-D6563C0C07F0}.Debug|ARM.Build.0 = Debug|Any CPU
		{EE6F7A33-52D4-49F8-8C80-D6563C0C07F0}.Debug|ARM64.ActiveCfg = Debug|Any CPU
		{EE6F7A33-52D4-49F8-8C80-D6563C0C07F0}.Debug|ARM64.Build.0 = Debug|Any CPU
		{EE6F7A33-52D4-49F8-8C80-D6563C0C07F0}.Debug|x64.ActiveCfg = Debug|Any CPU
		{EE6F7A33-52D4-49F8-8C80-D6563C0C07F0}.Debug|x64.Build.0 = Debug|Any CPU
		{EE6F7A33-52D4-49F8-8C80-D6563C0C07F0}.Debug|x86.ActiveCfg = Debug|Any CPU
		{EE6F7A33-52D4-49F8-8C80-D6563C0C07F0}.Debug|x86.Build.0 = Debug|Any CPU
		{EE6F7A33-52D4-49F8-8C80-D6563C0C07F0}.Release|Any CPU.ActiveCfg = Release|Any CPU
		{EE6F7A33-52D4-49F8-8C80-D6563C0C07F0}.Release|Any CPU.Build.0 = Release|Any CPU
		{EE6F7A33-52D4-49F8-8C80-D6563C0C07F0}.Release|ARM.ActiveCfg = Release|Any CPU
		{EE6F7A33-52D4-49F8-8C80-D6563C0C07F0}.Release|ARM.Build.0 = Release|Any CPU
		{EE6F7A33-52D4-49F8-8C80-D6563C0C07F0}.Release|ARM64.ActiveCfg = Release|Any CPU
		{EE6F7A33-52D4-49F8-8C80-D6563C0C07F0}.Release|ARM64.Build.0 = Release|Any CPU
		{EE6F7A33-52D4-49F8-8C80-D6563C0C07F0}.Release|x64.ActiveCfg = Release|Any CPU
		{EE6F7A33-52D4-49F8-8C80-D6563C0C07F0}.Release|x64.Build.0 = Release|Any CPU
		{EE6F7A33-52D4-49F8-8C80-D6563C0C07F0}.Release|x86.ActiveCfg = Release|Any CPU
		{EE6F7A33-52D4-49F8-8C80-D6563C0C07F0}.Release|x86.Build.0 = Release|Any CPU
		{7544DF4C-D4BB-4400-9DD1-27104A02AAE6}.Debug|Any CPU.ActiveCfg = Debug|x86
		{7544DF4C-D4BB-4400-9DD1-27104A02AAE6}.Debug|ARM.ActiveCfg = Debug|ARM
		{7544DF4C-D4BB-4400-9DD1-27104A02AAE6}.Debug|ARM.Build.0 = Debug|ARM
		{7544DF4C-D4BB-4400-9DD1-27104A02AAE6}.Debug|ARM.Deploy.0 = Debug|ARM
		{7544DF4C-D4BB-4400-9DD1-27104A02AAE6}.Debug|ARM64.ActiveCfg = Debug|ARM64
		{7544DF4C-D4BB-4400-9DD1-27104A02AAE6}.Debug|ARM64.Build.0 = Debug|ARM64
		{7544DF4C-D4BB-4400-9DD1-27104A02AAE6}.Debug|ARM64.Deploy.0 = Debug|ARM64
		{7544DF4C-D4BB-4400-9DD1-27104A02AAE6}.Debug|x64.ActiveCfg = Debug|x64
		{7544DF4C-D4BB-4400-9DD1-27104A02AAE6}.Debug|x64.Build.0 = Debug|x64
		{7544DF4C-D4BB-4400-9DD1-27104A02AAE6}.Debug|x64.Deploy.0 = Debug|x64
		{7544DF4C-D4BB-4400-9DD1-27104A02AAE6}.Debug|x86.ActiveCfg = Debug|x86
		{7544DF4C-D4BB-4400-9DD1-27104A02AAE6}.Debug|x86.Build.0 = Debug|x86
		{7544DF4C-D4BB-4400-9DD1-27104A02AAE6}.Debug|x86.Deploy.0 = Debug|x86
		{7544DF4C-D4BB-4400-9DD1-27104A02AAE6}.Release|Any CPU.ActiveCfg = Release|x86
		{7544DF4C-D4BB-4400-9DD1-27104A02AAE6}.Release|ARM.ActiveCfg = Release|ARM
		{7544DF4C-D4BB-4400-9DD1-27104A02AAE6}.Release|ARM.Build.0 = Release|ARM
		{7544DF4C-D4BB-4400-9DD1-27104A02AAE6}.Release|ARM.Deploy.0 = Release|ARM
		{7544DF4C-D4BB-4400-9DD1-27104A02AAE6}.Release|ARM64.ActiveCfg = Release|ARM64
		{7544DF4C-D4BB-4400-9DD1-27104A02AAE6}.Release|ARM64.Build.0 = Release|ARM64
		{7544DF4C-D4BB-4400-9DD1-27104A02AAE6}.Release|ARM64.Deploy.0 = Release|ARM64
		{7544DF4C-D4BB-4400-9DD1-27104A02AAE6}.Release|x64.ActiveCfg = Release|x64
		{7544DF4C-D4BB-4400-9DD1-27104A02AAE6}.Release|x64.Build.0 = Release|x64
		{7544DF4C-D4BB-4400-9DD1-27104A02AAE6}.Release|x64.Deploy.0 = Release|x64
		{7544DF4C-D4BB-4400-9DD1-27104A02AAE6}.Release|x86.ActiveCfg = Release|x86
		{7544DF4C-D4BB-4400-9DD1-27104A02AAE6}.Release|x86.Build.0 = Release|x86
		{7544DF4C-D4BB-4400-9DD1-27104A02AAE6}.Release|x86.Deploy.0 = Release|x86
	EndGlobalSection
	GlobalSection(SolutionProperties) = preSolution
		HideSolutionNode = FALSE
	EndGlobalSection
	GlobalSection(ExtensibilityGlobals) = postSolution
		SolutionGuid = {6E97DEF0-B7B5-4993-B4F7-6DED13F904D0}
	EndGlobalSection
EndGlobal
